
Microsoft Visual Studio Solution File, Format Version 12.00
# Visual Studio Version 17
VisualStudioVersion = 17.4.33213.308
MinimumVisualStudioVersion = 10.0.40219.1
Project("{9A19103F-16F7-4668-BE54-9A1E7A4F7556}") = "LambdaConsumer", "LambdaConsumer.csproj", "{397D5A88-03B0-4B38-9B71-FC1B4919F5A9}"
EndProject
Global
	GlobalSection(SolutionConfigurationPlatforms) = preSolution
		Debug|Any CPU = Debug|Any CPU
		Release|Any CPU = Release|Any CPU
	EndGlobalSection
	GlobalSection(ProjectConfigurationPlatforms) = postSolution
		{397D5A88-03B0-4B38-9B71-FC1B4919F5A9}.Debug|Any CPU.ActiveCfg = Debug|Any CPU
		{397D5A88-03B0-4B38-9B71-FC1B4919F5A9}.Debug|Any CPU.Build.0 = Debug|Any CPU
		{397D5A88-03B0-4B38-9B71-FC1B4919F5A9}.Release|Any CPU.ActiveCfg = Release|Any CPU
		{397D5A88-03B0-4B38-9B71-FC1B4919F5A9}.Release|Any CPU.Build.0 = Release|Any CPU
	EndGlobalSection
	GlobalSection(SolutionProperties) = preSolution
		HideSolutionNode = FALSE
	EndGlobalSection
	GlobalSection(ExtensibilityGlobals) = postSolution
		SolutionGuid = {49D0E023-00AE-4113-A7D1-306A1601DF5B}
	EndGlobalSection
EndGlobal
